// !$*UTF8*$!
{
	archiveVersion = 1;
	classes = {
	};
	objectVersion = 45;
	objects = {

/* Begin PBXBuildFile section */
		364E66A010C562DE00AD4616 /* pinocchio.c in Sources */ = {isa = PBXBuildFile; fileRef = 364E65FB10C562DE00AD4616 /* pinocchio.c */; };
		364E66A410C562DE00AD4616 /* Assign.c in Sources */ = {isa = PBXBuildFile; fileRef = 364E660510C562DE00AD4616 /* Assign.c */; };
		364E66A710C562DE00AD4616 /* Block.c in Sources */ = {isa = PBXBuildFile; fileRef = 364E660910C562DE00AD4616 /* Block.c */; };
		364E66AA10C562DE00AD4616 /* Callec.c in Sources */ = {isa = PBXBuildFile; fileRef = 364E660D10C562DE00AD4616 /* Callec.c */; };
		364E66AD10C562DE00AD4616 /* Constant.c in Sources */ = {isa = PBXBuildFile; fileRef = 364E661110C562DE00AD4616 /* Constant.c */; };
		364E66B110C562DE00AD4616 /* Info.c in Sources */ = {isa = PBXBuildFile; fileRef = 364E661610C562DE00AD4616 /* Info.c */; };
		364E66B410C562DE00AD4616 /* InstVariable.c in Sources */ = {isa = PBXBuildFile; fileRef = 364E661A10C562DE00AD4616 /* InstVariable.c */; };
		364E66B710C562DE00AD4616 /* Method.c in Sources */ = {isa = PBXBuildFile; fileRef = 364E661E10C562DE00AD4616 /* Method.c */; };
		364E66BA10C562DE00AD4616 /* NativeMethod.c in Sources */ = {isa = PBXBuildFile; fileRef = 364E662210C562DE00AD4616 /* NativeMethod.c */; };
		364E66BD10C562DE00AD4616 /* Self.c in Sources */ = {isa = PBXBuildFile; fileRef = 364E662610C562DE00AD4616 /* Self.c */; };
		364E66C010C562DE00AD4616 /* Send.c in Sources */ = {isa = PBXBuildFile; fileRef = 364E662A10C562DE00AD4616 /* Send.c */; };
		364E66C310C562DE00AD4616 /* Super.c in Sources */ = {isa = PBXBuildFile; fileRef = 364E662E10C562DE00AD4616 /* Super.c */; };
		364E66C610C562DE00AD4616 /* Variable.c in Sources */ = {isa = PBXBuildFile; fileRef = 364E663210C562DE00AD4616 /* Variable.c */; };
		364E66C910C562DE00AD4616 /* File.c in Sources */ = {isa = PBXBuildFile; fileRef = 364E663710C562DE00AD4616 /* File.c */; };
		364E66CC10C562DE00AD4616 /* Stream.c in Sources */ = {isa = PBXBuildFile; fileRef = 364E663B10C562DE00AD4616 /* Stream.c */; };
		364E66CF10C562DE00AD4616 /* ClassReference.c in Sources */ = {isa = PBXBuildFile; fileRef = 364E664010C562DE00AD4616 /* ClassReference.c */; };
		364E66D210C562DE00AD4616 /* BlockClosure.c in Sources */ = {isa = PBXBuildFile; fileRef = 364E664510C562DE00AD4616 /* BlockClosure.c */; };
		364E66D710C562DE00AD4616 /* Continue.c in Sources */ = {isa = PBXBuildFile; fileRef = 364E664C10C562DE00AD4616 /* Continue.c */; };
		364E66DB10C562DE00AD4616 /* InlineCache.c in Sources */ = {isa = PBXBuildFile; fileRef = 364E665110C562DE00AD4616 /* InlineCache.c */; };
		364E66DE10C562DE00AD4616 /* MethodClosure.c in Sources */ = {isa = PBXBuildFile; fileRef = 364E665510C562DE00AD4616 /* MethodClosure.c */; };
		364E66E110C562DE00AD4616 /* MethodContext.c in Sources */ = {isa = PBXBuildFile; fileRef = 364E665910C562DE00AD4616 /* MethodContext.c */; };
		364E66E510C562DE00AD4616 /* Array.c in Sources */ = {isa = PBXBuildFile; fileRef = 364E665F10C562DE00AD4616 /* Array.c */; };
		364E66E810C562DE00AD4616 /* Boolean.c in Sources */ = {isa = PBXBuildFile; fileRef = 364E666310C562DE00AD4616 /* Boolean.c */; };
		364E66EB10C562DE00AD4616 /* Character.c in Sources */ = {isa = PBXBuildFile; fileRef = 364E666710C562DE00AD4616 /* Character.c */; };
		364E66ED10C562DE00AD4616 /* CharacterTable.c in Sources */ = {isa = PBXBuildFile; fileRef = 364E666A10C562DE00AD4616 /* CharacterTable.c */; };
		364E66F110C562DE00AD4616 /* Class.c in Sources */ = {isa = PBXBuildFile; fileRef = 364E666F10C562DE00AD4616 /* Class.c */; };
		364E66F410C562DE00AD4616 /* Dictionary.c in Sources */ = {isa = PBXBuildFile; fileRef = 364E667310C562DE00AD4616 /* Dictionary.c */; };
		364E66F810C562DE00AD4616 /* Layout.c in Sources */ = {isa = PBXBuildFile; fileRef = 364E667810C562DE00AD4616 /* Layout.c */; };
		364E66FB10C562DE00AD4616 /* Nil.c in Sources */ = {isa = PBXBuildFile; fileRef = 364E667C10C562DE00AD4616 /* Nil.c */; };
		364E66FE10C562DE00AD4616 /* Object.c in Sources */ = {isa = PBXBuildFile; fileRef = 364E668010C562DE00AD4616 /* Object.c */; };
		364E670110C562DE00AD4616 /* SmallInt.c in Sources */ = {isa = PBXBuildFile; fileRef = 364E668410C562DE00AD4616 /* SmallInt.c */; };
		364E670410C562DE00AD4616 /* String.c in Sources */ = {isa = PBXBuildFile; fileRef = 364E668810C562DE00AD4616 /* String.c */; };
		364E670710C562DE00AD4616 /* Symbol.c in Sources */ = {isa = PBXBuildFile; fileRef = 364E668C10C562DE00AD4616 /* Symbol.c */; };
		364E670D10C562DE00AD4616 /* pinocchioTest.c in Sources */ = {isa = PBXBuildFile; fileRef = 364E669610C562DE00AD4616 /* pinocchioTest.c */; };
		3654964710C57D0E00D0C56F /* BlockContext.c in Sources */ = {isa = PBXBuildFile; fileRef = 364E664910C562DE00AD4616 /* BlockContext.c */; };
/* End PBXBuildFile section */

/* Begin PBXCopyFilesBuildPhase section */
		8DD76FAF0486AB0100D96B5E /* CopyFiles */ = {
			isa = PBXCopyFilesBuildPhase;
			buildActionMask = 8;
			dstPath = /usr/share/man/man1/;
			dstSubfolderSpec = 0;
			files = (
			);
			runOnlyForDeploymentPostprocessing = 1;
		};
/* End PBXCopyFilesBuildPhase section */

/* Begin PBXFileReference section */
		364E64B510C562DD00AD4616 /* Makefile */ = {isa = PBXFileReference; fileEncoding = 4; lastKnownFileType = sourcecode.make; path = Makefile; sourceTree = "<group>"; };
		364E65FA10C562DE00AD4616 /* test.ci */ = {isa = PBXFileReference; fileEncoding = 4; lastKnownFileType = sourcecode.glsl; path = test.ci; sourceTree = "<group>"; };
		364E65FB10C562DE00AD4616 /* pinocchio.c */ = {isa = PBXFileReference; fileEncoding = 4; lastKnownFileType = sourcecode.c.c; path = pinocchio.c; sourceTree = "<group>"; };
		364E65FC10C562DE00AD4616 /* pinocchio.h */ = {isa = PBXFileReference; fileEncoding = 4; lastKnownFileType = sourcecode.c.h; path = pinocchio.h; sourceTree = "<group>"; };
		364E65FD10C562DE00AD4616 /* pinocchioHelper.ci */ = {isa = PBXFileReference; fileEncoding = 4; lastKnownFileType = sourcecode.glsl; path = pinocchioHelper.ci; sourceTree = "<group>"; };
		364E65FE10C562DE00AD4616 /* pinocchioHelper.hi */ = {isa = PBXFileReference; fileEncoding = 4; lastKnownFileType = text; path = pinocchioHelper.hi; sourceTree = "<group>"; };
		364E65FF10C562DE00AD4616 /* pinocchioPostInit.ci */ = {isa = PBXFileReference; fileEncoding = 4; lastKnownFileType = sourcecode.glsl; path = pinocchioPostInit.ci; sourceTree = "<group>"; };
		364E660010C562DE00AD4616 /* pinocchioPreInit.ci */ = {isa = PBXFileReference; fileEncoding = 4; lastKnownFileType = sourcecode.glsl; path = pinocchioPreInit.ci; sourceTree = "<group>"; };
		364E660110C562DE00AD4616 /* pinocchioType.hi */ = {isa = PBXFileReference; fileEncoding = 4; lastKnownFileType = text; path = pinocchioType.hi; sourceTree = "<group>"; };
		364E660210C562DE00AD4616 /* pinocchioTypeInclude.hi */ = {isa = PBXFileReference; fileEncoding = 4; lastKnownFileType = text; path = pinocchioTypeInclude.hi; sourceTree = "<group>"; };
		364E660510C562DE00AD4616 /* Assign.c */ = {isa = PBXFileReference; fileEncoding = 4; lastKnownFileType = sourcecode.c.c; path = Assign.c; sourceTree = "<group>"; };
		364E660610C562DE00AD4616 /* Assign.h */ = {isa = PBXFileReference; fileEncoding = 4; lastKnownFileType = sourcecode.c.h; path = Assign.h; sourceTree = "<group>"; };
		364E660810C562DE00AD4616 /* AssignTest.ci */ = {isa = PBXFileReference; fileEncoding = 4; lastKnownFileType = sourcecode.glsl; path = AssignTest.ci; sourceTree = "<group>"; };
		364E660910C562DE00AD4616 /* Block.c */ = {isa = PBXFileReference; fileEncoding = 4; lastKnownFileType = sourcecode.c.c; path = Block.c; sourceTree = "<group>"; };
		364E660A10C562DE00AD4616 /* Block.h */ = {isa = PBXFileReference; fileEncoding = 4; lastKnownFileType = sourcecode.c.h; path = Block.h; sourceTree = "<group>"; };
		364E660C10C562DE00AD4616 /* BlockTest.ci */ = {isa = PBXFileReference; fileEncoding = 4; lastKnownFileType = sourcecode.glsl; path = BlockTest.ci; sourceTree = "<group>"; };
		364E660D10C562DE00AD4616 /* Callec.c */ = {isa = PBXFileReference; fileEncoding = 4; lastKnownFileType = sourcecode.c.c; path = Callec.c; sourceTree = "<group>"; };
		364E660E10C562DE00AD4616 /* Callec.h */ = {isa = PBXFileReference; fileEncoding = 4; lastKnownFileType = sourcecode.c.h; path = Callec.h; sourceTree = "<group>"; };
		364E661010C562DE00AD4616 /* CallecTest.ci */ = {isa = PBXFileReference; fileEncoding = 4; lastKnownFileType = sourcecode.glsl; path = CallecTest.ci; sourceTree = "<group>"; };
		364E661110C562DE00AD4616 /* Constant.c */ = {isa = PBXFileReference; fileEncoding = 4; lastKnownFileType = sourcecode.c.c; path = Constant.c; sourceTree = "<group>"; };
		364E661210C562DE00AD4616 /* Constant.h */ = {isa = PBXFileReference; fileEncoding = 4; lastKnownFileType = sourcecode.c.h; path = Constant.h; sourceTree = "<group>"; };
		364E661410C562DE00AD4616 /* ConstantTest.ci */ = {isa = PBXFileReference; fileEncoding = 4; lastKnownFileType = sourcecode.glsl; path = ConstantTest.ci; sourceTree = "<group>"; };
		364E661510C562DE00AD4616 /* Continue.o */ = {isa = PBXFileReference; lastKnownFileType = "compiled.mach-o.objfile"; path = Continue.o; sourceTree = "<group>"; };
		364E661610C562DE00AD4616 /* Info.c */ = {isa = PBXFileReference; fileEncoding = 4; lastKnownFileType = sourcecode.c.c; path = Info.c; sourceTree = "<group>"; };
		364E661710C562DE00AD4616 /* Info.h */ = {isa = PBXFileReference; fileEncoding = 4; lastKnownFileType = sourcecode.c.h; path = Info.h; sourceTree = "<group>"; };
		364E661910C562DE00AD4616 /* InfoTest.ci */ = {isa = PBXFileReference; fileEncoding = 4; lastKnownFileType = sourcecode.glsl; path = InfoTest.ci; sourceTree = "<group>"; };
		364E661A10C562DE00AD4616 /* InstVariable.c */ = {isa = PBXFileReference; fileEncoding = 4; lastKnownFileType = sourcecode.c.c; path = InstVariable.c; sourceTree = "<group>"; };
		364E661B10C562DE00AD4616 /* InstVariable.h */ = {isa = PBXFileReference; fileEncoding = 4; lastKnownFileType = sourcecode.c.h; path = InstVariable.h; sourceTree = "<group>"; };
		364E661D10C562DE00AD4616 /* InstVariableTest.ci */ = {isa = PBXFileReference; fileEncoding = 4; lastKnownFileType = sourcecode.glsl; path = InstVariableTest.ci; sourceTree = "<group>"; };
		364E661E10C562DE00AD4616 /* Method.c */ = {isa = PBXFileReference; fileEncoding = 4; lastKnownFileType = sourcecode.c.c; path = Method.c; sourceTree = "<group>"; };
		364E661F10C562DE00AD4616 /* Method.h */ = {isa = PBXFileReference; fileEncoding = 4; lastKnownFileType = sourcecode.c.h; path = Method.h; sourceTree = "<group>"; };
		364E662110C562DE00AD4616 /* MethodTest.ci */ = {isa = PBXFileReference; fileEncoding = 4; lastKnownFileType = sourcecode.glsl; path = MethodTest.ci; sourceTree = "<group>"; };
		364E662210C562DE00AD4616 /* NativeMethod.c */ = {isa = PBXFileReference; fileEncoding = 4; lastKnownFileType = sourcecode.c.c; path = NativeMethod.c; sourceTree = "<group>"; };
		364E662310C562DE00AD4616 /* NativeMethod.h */ = {isa = PBXFileReference; fileEncoding = 4; lastKnownFileType = sourcecode.c.h; path = NativeMethod.h; sourceTree = "<group>"; };
		364E662510C562DE00AD4616 /* NativeMethodTest.ci */ = {isa = PBXFileReference; fileEncoding = 4; lastKnownFileType = sourcecode.glsl; path = NativeMethodTest.ci; sourceTree = "<group>"; };
		364E662610C562DE00AD4616 /* Self.c */ = {isa = PBXFileReference; fileEncoding = 4; lastKnownFileType = sourcecode.c.c; path = Self.c; sourceTree = "<group>"; };
		364E662710C562DE00AD4616 /* Self.h */ = {isa = PBXFileReference; fileEncoding = 4; lastKnownFileType = sourcecode.c.h; path = Self.h; sourceTree = "<group>"; };
		364E662910C562DE00AD4616 /* SelfTest.ci */ = {isa = PBXFileReference; fileEncoding = 4; lastKnownFileType = sourcecode.glsl; path = SelfTest.ci; sourceTree = "<group>"; };
		364E662A10C562DE00AD4616 /* Send.c */ = {isa = PBXFileReference; fileEncoding = 4; lastKnownFileType = sourcecode.c.c; path = Send.c; sourceTree = "<group>"; };
		364E662B10C562DE00AD4616 /* Send.h */ = {isa = PBXFileReference; fileEncoding = 4; lastKnownFileType = sourcecode.c.h; path = Send.h; sourceTree = "<group>"; };
		364E662D10C562DE00AD4616 /* SendTest.ci */ = {isa = PBXFileReference; fileEncoding = 4; lastKnownFileType = sourcecode.glsl; path = SendTest.ci; sourceTree = "<group>"; };
		364E662E10C562DE00AD4616 /* Super.c */ = {isa = PBXFileReference; fileEncoding = 4; lastKnownFileType = sourcecode.c.c; path = Super.c; sourceTree = "<group>"; };
		364E662F10C562DE00AD4616 /* Super.h */ = {isa = PBXFileReference; fileEncoding = 4; lastKnownFileType = sourcecode.c.h; path = Super.h; sourceTree = "<group>"; };
		364E663110C562DE00AD4616 /* SuperTest.ci */ = {isa = PBXFileReference; fileEncoding = 4; lastKnownFileType = sourcecode.glsl; path = SuperTest.ci; sourceTree = "<group>"; };
		364E663210C562DE00AD4616 /* Variable.c */ = {isa = PBXFileReference; fileEncoding = 4; lastKnownFileType = sourcecode.c.c; path = Variable.c; sourceTree = "<group>"; };
		364E663310C562DE00AD4616 /* Variable.h */ = {isa = PBXFileReference; fileEncoding = 4; lastKnownFileType = sourcecode.c.h; path = Variable.h; sourceTree = "<group>"; };
		364E663510C562DE00AD4616 /* VariableTest.ci */ = {isa = PBXFileReference; fileEncoding = 4; lastKnownFileType = sourcecode.glsl; path = VariableTest.ci; sourceTree = "<group>"; };
		364E663710C562DE00AD4616 /* File.c */ = {isa = PBXFileReference; fileEncoding = 4; lastKnownFileType = sourcecode.c.c; path = File.c; sourceTree = "<group>"; };
		364E663810C562DE00AD4616 /* File.h */ = {isa = PBXFileReference; fileEncoding = 4; lastKnownFileType = sourcecode.c.h; path = File.h; sourceTree = "<group>"; };
		364E663910C562DE00AD4616 /* File.o */ = {isa = PBXFileReference; lastKnownFileType = "compiled.mach-o.objfile"; path = File.o; sourceTree = "<group>"; };
		364E663A10C562DE00AD4616 /* FileTest.ci */ = {isa = PBXFileReference; fileEncoding = 4; lastKnownFileType = sourcecode.glsl; path = FileTest.ci; sourceTree = "<group>"; };
		364E663B10C562DE00AD4616 /* Stream.c */ = {isa = PBXFileReference; fileEncoding = 4; lastKnownFileType = sourcecode.c.c; path = Stream.c; sourceTree = "<group>"; };
		364E663C10C562DE00AD4616 /* Stream.h */ = {isa = PBXFileReference; fileEncoding = 4; lastKnownFileType = sourcecode.c.h; path = Stream.h; sourceTree = "<group>"; };
		364E663D10C562DE00AD4616 /* Stream.o */ = {isa = PBXFileReference; lastKnownFileType = "compiled.mach-o.objfile"; path = Stream.o; sourceTree = "<group>"; };
		364E663E10C562DE00AD4616 /* StreamTest.ci */ = {isa = PBXFileReference; fileEncoding = 4; lastKnownFileType = sourcecode.glsl; path = StreamTest.ci; sourceTree = "<group>"; };
		364E664010C562DE00AD4616 /* ClassReference.c */ = {isa = PBXFileReference; fileEncoding = 4; lastKnownFileType = sourcecode.c.c; path = ClassReference.c; sourceTree = "<group>"; };
		364E664110C562DE00AD4616 /* ClassReference.h */ = {isa = PBXFileReference; fileEncoding = 4; lastKnownFileType = sourcecode.c.h; path = ClassReference.h; sourceTree = "<group>"; };
		364E664210C562DE00AD4616 /* ClassReference.o */ = {isa = PBXFileReference; lastKnownFileType = "compiled.mach-o.objfile"; path = ClassReference.o; sourceTree = "<group>"; };
		364E664310C562DE00AD4616 /* ClassReferenceTest.ci */ = {isa = PBXFileReference; fileEncoding = 4; lastKnownFileType = sourcecode.glsl; path = ClassReferenceTest.ci; sourceTree = "<group>"; };
		364E664510C562DE00AD4616 /* BlockClosure.c */ = {isa = PBXFileReference; fileEncoding = 4; lastKnownFileType = sourcecode.c.c; path = BlockClosure.c; sourceTree = "<group>"; };
		364E664610C562DE00AD4616 /* BlockClosure.h */ = {isa = PBXFileReference; fileEncoding = 4; lastKnownFileType = sourcecode.c.h; path = BlockClosure.h; sourceTree = "<group>"; };
		364E664710C562DE00AD4616 /* BlockClosure.o */ = {isa = PBXFileReference; lastKnownFileType = "compiled.mach-o.objfile"; path = BlockClosure.o; sourceTree = "<group>"; };
		364E664810C562DE00AD4616 /* BlockClosureTest.ci */ = {isa = PBXFileReference; fileEncoding = 4; lastKnownFileType = sourcecode.glsl; path = BlockClosureTest.ci; sourceTree = "<group>"; };
		364E664910C562DE00AD4616 /* BlockContext.c */ = {isa = PBXFileReference; fileEncoding = 4; lastKnownFileType = sourcecode.c.c; path = BlockContext.c; sourceTree = "<group>"; };
		364E664A10C562DE00AD4616 /* BlockContext.h */ = {isa = PBXFileReference; fileEncoding = 4; lastKnownFileType = sourcecode.c.h; path = BlockContext.h; sourceTree = "<group>"; };
		364E664B10C562DE00AD4616 /* BlockContext.o */ = {isa = PBXFileReference; lastKnownFileType = "compiled.mach-o.objfile"; path = BlockContext.o; sourceTree = "<group>"; };
		364E664C10C562DE00AD4616 /* Continue.c */ = {isa = PBXFileReference; fileEncoding = 4; lastKnownFileType = sourcecode.c.c; path = Continue.c; sourceTree = "<group>"; };
		364E664D10C562DE00AD4616 /* Continue.h */ = {isa = PBXFileReference; fileEncoding = 4; lastKnownFileType = sourcecode.c.h; path = Continue.h; sourceTree = "<group>"; };
		364E664E10C562DE00AD4616 /* Continue.o */ = {isa = PBXFileReference; lastKnownFileType = "compiled.mach-o.objfile"; path = Continue.o; sourceTree = "<group>"; };
		364E664F10C562DE00AD4616 /* ContinueTest.ci */ = {isa = PBXFileReference; fileEncoding = 4; lastKnownFileType = sourcecode.glsl; path = ContinueTest.ci; sourceTree = "<group>"; };
		364E665010C562DE00AD4616 /* Env.o */ = {isa = PBXFileReference; lastKnownFileType = "compiled.mach-o.objfile"; path = Env.o; sourceTree = "<group>"; };
		364E665110C562DE00AD4616 /* InlineCache.c */ = {isa = PBXFileReference; fileEncoding = 4; lastKnownFileType = sourcecode.c.c; path = InlineCache.c; sourceTree = "<group>"; };
		364E665210C562DE00AD4616 /* InlineCache.h */ = {isa = PBXFileReference; fileEncoding = 4; lastKnownFileType = sourcecode.c.h; path = InlineCache.h; sourceTree = "<group>"; };
		364E665310C562DE00AD4616 /* InlineCache.o */ = {isa = PBXFileReference; lastKnownFileType = "compiled.mach-o.objfile"; path = InlineCache.o; sourceTree = "<group>"; };
		364E665410C562DE00AD4616 /* InlineCacheTest.ci */ = {isa = PBXFileReference; fileEncoding = 4; lastKnownFileType = sourcecode.glsl; path = InlineCacheTest.ci; sourceTree = "<group>"; };
		364E665510C562DE00AD4616 /* MethodClosure.c */ = {isa = PBXFileReference; fileEncoding = 4; lastKnownFileType = sourcecode.c.c; path = MethodClosure.c; sourceTree = "<group>"; };
		364E665610C562DE00AD4616 /* MethodClosure.h */ = {isa = PBXFileReference; fileEncoding = 4; lastKnownFileType = sourcecode.c.h; path = MethodClosure.h; sourceTree = "<group>"; };
		364E665710C562DE00AD4616 /* MethodClosure.o */ = {isa = PBXFileReference; lastKnownFileType = "compiled.mach-o.objfile"; path = MethodClosure.o; sourceTree = "<group>"; };
		364E665810C562DE00AD4616 /* MethodClosureTest.ci */ = {isa = PBXFileReference; fileEncoding = 4; lastKnownFileType = sourcecode.glsl; path = MethodClosureTest.ci; sourceTree = "<group>"; };
		364E665910C562DE00AD4616 /* MethodContext.c */ = {isa = PBXFileReference; fileEncoding = 4; lastKnownFileType = sourcecode.c.c; path = MethodContext.c; sourceTree = "<group>"; };
		364E665A10C562DE00AD4616 /* MethodContext.h */ = {isa = PBXFileReference; fileEncoding = 4; lastKnownFileType = sourcecode.c.h; path = MethodContext.h; sourceTree = "<group>"; };
		364E665B10C562DE00AD4616 /* MethodContext.o */ = {isa = PBXFileReference; lastKnownFileType = "compiled.mach-o.objfile"; path = MethodContext.o; sourceTree = "<group>"; };
		364E665C10C562DE00AD4616 /* MethodContextTest.ci */ = {isa = PBXFileReference; fileEncoding = 4; lastKnownFileType = sourcecode.glsl; path = MethodContextTest.ci; sourceTree = "<group>"; };
		364E665D10C562DE00AD4616 /* ThreadTest.ci */ = {isa = PBXFileReference; fileEncoding = 4; lastKnownFileType = sourcecode.glsl; path = ThreadTest.ci; sourceTree = "<group>"; };
		364E665F10C562DE00AD4616 /* Array.c */ = {isa = PBXFileReference; fileEncoding = 4; lastKnownFileType = sourcecode.c.c; path = Array.c; sourceTree = "<group>"; };
		364E666010C562DE00AD4616 /* Array.h */ = {isa = PBXFileReference; fileEncoding = 4; lastKnownFileType = sourcecode.c.h; path = Array.h; sourceTree = "<group>"; };
		364E666110C562DE00AD4616 /* Array.o */ = {isa = PBXFileReference; lastKnownFileType = "compiled.mach-o.objfile"; path = Array.o; sourceTree = "<group>"; };
		364E666210C562DE00AD4616 /* ArrayTest.ci */ = {isa = PBXFileReference; fileEncoding = 4; lastKnownFileType = sourcecode.glsl; path = ArrayTest.ci; sourceTree = "<group>"; };
		364E666310C562DE00AD4616 /* Boolean.c */ = {isa = PBXFileReference; fileEncoding = 4; lastKnownFileType = sourcecode.c.c; path = Boolean.c; sourceTree = "<group>"; };
		364E666410C562DE00AD4616 /* Boolean.h */ = {isa = PBXFileReference; fileEncoding = 4; lastKnownFileType = sourcecode.c.h; path = Boolean.h; sourceTree = "<group>"; };
		364E666510C562DE00AD4616 /* Boolean.o */ = {isa = PBXFileReference; lastKnownFileType = "compiled.mach-o.objfile"; path = Boolean.o; sourceTree = "<group>"; };
		364E666610C562DE00AD4616 /* BooleanTest.ci */ = {isa = PBXFileReference; fileEncoding = 4; lastKnownFileType = sourcecode.glsl; path = BooleanTest.ci; sourceTree = "<group>"; };
		364E666710C562DE00AD4616 /* Character.c */ = {isa = PBXFileReference; fileEncoding = 4; lastKnownFileType = sourcecode.c.c; path = Character.c; sourceTree = "<group>"; };
		364E666810C562DE00AD4616 /* Character.h */ = {isa = PBXFileReference; fileEncoding = 4; lastKnownFileType = sourcecode.c.h; path = Character.h; sourceTree = "<group>"; };
		364E666910C562DE00AD4616 /* Character.o */ = {isa = PBXFileReference; lastKnownFileType = "compiled.mach-o.objfile"; path = Character.o; sourceTree = "<group>"; };
		364E666A10C562DE00AD4616 /* CharacterTable.c */ = {isa = PBXFileReference; fileEncoding = 4; lastKnownFileType = sourcecode.c.c; path = CharacterTable.c; sourceTree = "<group>"; };
		364E666B10C562DE00AD4616 /* CharacterTable.h */ = {isa = PBXFileReference; fileEncoding = 4; lastKnownFileType = sourcecode.c.h; path = CharacterTable.h; sourceTree = "<group>"; };
		364E666C10C562DE00AD4616 /* CharacterTable.o */ = {isa = PBXFileReference; lastKnownFileType = "compiled.mach-o.objfile"; path = CharacterTable.o; sourceTree = "<group>"; };
		364E666D10C562DE00AD4616 /* CharacterTableTest.ci */ = {isa = PBXFileReference; fileEncoding = 4; lastKnownFileType = sourcecode.glsl; path = CharacterTableTest.ci; sourceTree = "<group>"; };
		364E666E10C562DE00AD4616 /* CharacterTest.ci */ = {isa = PBXFileReference; fileEncoding = 4; lastKnownFileType = sourcecode.glsl; path = CharacterTest.ci; sourceTree = "<group>"; };
		364E666F10C562DE00AD4616 /* Class.c */ = {isa = PBXFileReference; fileEncoding = 4; lastKnownFileType = sourcecode.c.c; path = Class.c; sourceTree = "<group>"; };
		364E667010C562DE00AD4616 /* Class.h */ = {isa = PBXFileReference; fileEncoding = 4; lastKnownFileType = sourcecode.c.h; path = Class.h; sourceTree = "<group>"; };
		364E667110C562DE00AD4616 /* Class.o */ = {isa = PBXFileReference; lastKnownFileType = "compiled.mach-o.objfile"; path = Class.o; sourceTree = "<group>"; };
		364E667210C562DE00AD4616 /* ClassTest.ci */ = {isa = PBXFileReference; fileEncoding = 4; lastKnownFileType = sourcecode.glsl; path = ClassTest.ci; sourceTree = "<group>"; };
		364E667310C562DE00AD4616 /* Dictionary.c */ = {isa = PBXFileReference; fileEncoding = 4; lastKnownFileType = sourcecode.c.c; path = Dictionary.c; sourceTree = "<group>"; };
		364E667410C562DE00AD4616 /* Dictionary.h */ = {isa = PBXFileReference; fileEncoding = 4; lastKnownFileType = sourcecode.c.h; path = Dictionary.h; sourceTree = "<group>"; };
		364E667510C562DE00AD4616 /* Dictionary.o */ = {isa = PBXFileReference; lastKnownFileType = "compiled.mach-o.objfile"; path = Dictionary.o; sourceTree = "<group>"; };
		364E667610C562DE00AD4616 /* DictionaryTest.ci */ = {isa = PBXFileReference; fileEncoding = 4; lastKnownFileType = sourcecode.glsl; path = DictionaryTest.ci; sourceTree = "<group>"; };
		364E667710C562DE00AD4616 /* Instantiate.ci */ = {isa = PBXFileReference; fileEncoding = 4; lastKnownFileType = sourcecode.glsl; path = Instantiate.ci; sourceTree = "<group>"; };
		364E667810C562DE00AD4616 /* Layout.c */ = {isa = PBXFileReference; fileEncoding = 4; lastKnownFileType = sourcecode.c.c; path = Layout.c; sourceTree = "<group>"; };
		364E667910C562DE00AD4616 /* Layout.h */ = {isa = PBXFileReference; fileEncoding = 4; lastKnownFileType = sourcecode.c.h; path = Layout.h; sourceTree = "<group>"; };
		364E667A10C562DE00AD4616 /* Layout.o */ = {isa = PBXFileReference; lastKnownFileType = "compiled.mach-o.objfile"; path = Layout.o; sourceTree = "<group>"; };
		364E667B10C562DE00AD4616 /* LayoutTest.ci */ = {isa = PBXFileReference; fileEncoding = 4; lastKnownFileType = sourcecode.glsl; path = LayoutTest.ci; sourceTree = "<group>"; };
		364E667C10C562DE00AD4616 /* Nil.c */ = {isa = PBXFileReference; fileEncoding = 4; lastKnownFileType = sourcecode.c.c; path = Nil.c; sourceTree = "<group>"; };
		364E667D10C562DE00AD4616 /* Nil.h */ = {isa = PBXFileReference; fileEncoding = 4; lastKnownFileType = sourcecode.c.h; path = Nil.h; sourceTree = "<group>"; };
		364E667E10C562DE00AD4616 /* Nil.o */ = {isa = PBXFileReference; lastKnownFileType = "compiled.mach-o.objfile"; path = Nil.o; sourceTree = "<group>"; };
		364E667F10C562DE00AD4616 /* NilTest.ci */ = {isa = PBXFileReference; fileEncoding = 4; lastKnownFileType = sourcecode.glsl; path = NilTest.ci; sourceTree = "<group>"; };
		364E668010C562DE00AD4616 /* Object.c */ = {isa = PBXFileReference; fileEncoding = 4; lastKnownFileType = sourcecode.c.c; path = Object.c; sourceTree = "<group>"; };
		364E668110C562DE00AD4616 /* Object.h */ = {isa = PBXFileReference; fileEncoding = 4; lastKnownFileType = sourcecode.c.h; path = Object.h; sourceTree = "<group>"; };
		364E668210C562DE00AD4616 /* Object.o */ = {isa = PBXFileReference; lastKnownFileType = "compiled.mach-o.objfile"; path = Object.o; sourceTree = "<group>"; };
		364E668310C562DE00AD4616 /* ObjectTest.ci */ = {isa = PBXFileReference; fileEncoding = 4; lastKnownFileType = sourcecode.glsl; path = ObjectTest.ci; sourceTree = "<group>"; };
		364E668410C562DE00AD4616 /* SmallInt.c */ = {isa = PBXFileReference; fileEncoding = 4; lastKnownFileType = sourcecode.c.c; path = SmallInt.c; sourceTree = "<group>"; };
		364E668510C562DE00AD4616 /* SmallInt.h */ = {isa = PBXFileReference; fileEncoding = 4; lastKnownFileType = sourcecode.c.h; path = SmallInt.h; sourceTree = "<group>"; };
		364E668610C562DE00AD4616 /* SmallInt.o */ = {isa = PBXFileReference; lastKnownFileType = "compiled.mach-o.objfile"; path = SmallInt.o; sourceTree = "<group>"; };
		364E668710C562DE00AD4616 /* SmallIntTest.ci */ = {isa = PBXFileReference; fileEncoding = 4; lastKnownFileType = sourcecode.glsl; path = SmallIntTest.ci; sourceTree = "<group>"; };
		364E668810C562DE00AD4616 /* String.c */ = {isa = PBXFileReference; fileEncoding = 4; lastKnownFileType = sourcecode.c.c; path = String.c; sourceTree = "<group>"; };
		364E668910C562DE00AD4616 /* String.h */ = {isa = PBXFileReference; fileEncoding = 4; lastKnownFileType = sourcecode.c.h; path = String.h; sourceTree = "<group>"; };
		364E668A10C562DE00AD4616 /* String.o */ = {isa = PBXFileReference; lastKnownFileType = "compiled.mach-o.objfile"; path = String.o; sourceTree = "<group>"; };
		364E668B10C562DE00AD4616 /* StringTest.ci */ = {isa = PBXFileReference; fileEncoding = 4; lastKnownFileType = sourcecode.glsl; path = StringTest.ci; sourceTree = "<group>"; };
		364E668C10C562DE00AD4616 /* Symbol.c */ = {isa = PBXFileReference; fileEncoding = 4; lastKnownFileType = sourcecode.c.c; path = Symbol.c; sourceTree = "<group>"; };
		364E668D10C562DE00AD4616 /* Symbol.h */ = {isa = PBXFileReference; fileEncoding = 4; lastKnownFileType = sourcecode.c.h; path = Symbol.h; sourceTree = "<group>"; };
		364E668E10C562DE00AD4616 /* Symbol.o */ = {isa = PBXFileReference; lastKnownFileType = "compiled.mach-o.objfile"; path = Symbol.o; sourceTree = "<group>"; };
		364E668F10C562DE00AD4616 /* SymbolDefinition.ci */ = {isa = PBXFileReference; fileEncoding = 4; lastKnownFileType = sourcecode.glsl; path = SymbolDefinition.ci; sourceTree = "<group>"; };
		364E669010C562DE00AD4616 /* SymbolDefinition.hi */ = {isa = PBXFileReference; fileEncoding = 4; lastKnownFileType = text; path = SymbolDefinition.hi; sourceTree = "<group>"; };
		364E669110C562DE00AD4616 /* SymbolInitialization.ci */ = {isa = PBXFileReference; fileEncoding = 4; lastKnownFileType = sourcecode.glsl; path = SymbolInitialization.ci; sourceTree = "<group>"; };
		364E669210C562DE00AD4616 /* SymbolTest.ci */ = {isa = PBXFileReference; fileEncoding = 4; lastKnownFileType = sourcecode.glsl; path = SymbolTest.ci; sourceTree = "<group>"; };
		364E669510C562DE00AD4616 /* FibTest.ci */ = {isa = PBXFileReference; fileEncoding = 4; lastKnownFileType = sourcecode.glsl; path = FibTest.ci; sourceTree = "<group>"; };
		364E669610C562DE00AD4616 /* pinocchioTest.c */ = {isa = PBXFileReference; fileEncoding = 4; lastKnownFileType = sourcecode.c.c; path = pinocchioTest.c; sourceTree = "<group>"; };
		364E669710C562DE00AD4616 /* pinocchioTest.ci */ = {isa = PBXFileReference; fileEncoding = 4; lastKnownFileType = sourcecode.glsl; path = pinocchioTest.ci; sourceTree = "<group>"; };
		364E669810C562DE00AD4616 /* pinocchioTest.h */ = {isa = PBXFileReference; fileEncoding = 4; lastKnownFileType = sourcecode.c.h; path = pinocchioTest.h; sourceTree = "<group>"; };
		364E669910C562DE00AD4616 /* pinocchioTest.hi */ = {isa = PBXFileReference; fileEncoding = 4; lastKnownFileType = text; path = pinocchioTest.hi; sourceTree = "<group>"; };
		364E671210C562EB00AD4616 /* addClass */ = {isa = PBXFileReference; fileEncoding = 4; lastKnownFileType = text; path = addClass; sourceTree = "<group>"; };
		364E671310C562EB00AD4616 /* addSymbol */ = {isa = PBXFileReference; fileEncoding = 4; lastKnownFileType = text; path = addSymbol; sourceTree = "<group>"; };
		364E671410C562EB00AD4616 /* extractSymbols */ = {isa = PBXFileReference; fileEncoding = 4; lastKnownFileType = text; path = extractSymbols; sourceTree = "<group>"; };
		364E671510C562EB00AD4616 /* icon.png */ = {isa = PBXFileReference; lastKnownFileType = image.png; path = icon.png; sourceTree = "<group>"; };
		364E671610C562EB00AD4616 /* logo.png */ = {isa = PBXFileReference; lastKnownFileType = image.png; path = logo.png; sourceTree = "<group>"; };
		364E671710C562EB00AD4616 /* logo.svg */ = {isa = PBXFileReference; fileEncoding = 4; lastKnownFileType = text.xml; path = logo.svg; sourceTree = "<group>"; };
		364E671810C562EB00AD4616 /* mac_install_boehm */ = {isa = PBXFileReference; fileEncoding = 4; lastKnownFileType = text.script.sh; path = mac_install_boehm; sourceTree = "<group>"; };
		8DD76FB20486AB0100D96B5E /* pinocchio */ = {isa = PBXFileReference; explicitFileType = "compiled.mach-o.executable"; includeInIndex = 0; path = pinocchio; sourceTree = BUILT_PRODUCTS_DIR; };
/* End PBXFileReference section */

/* Begin PBXFrameworksBuildPhase section */
		8DD76FAD0486AB0100D96B5E /* Frameworks */ = {
			isa = PBXFrameworksBuildPhase;
			buildActionMask = 2147483647;
			files = (
			);
			runOnlyForDeploymentPostprocessing = 0;
		};
/* End PBXFrameworksBuildPhase section */

/* Begin PBXGroup section */
		08FB7794FE84155DC02AAC07 /* pinocchio */ = {
			isa = PBXGroup;
			children = (
				364E671010C562EB00AD4616 /* meta */,
				364E64B410C562DD00AD4616 /* src */,
				1AB674ADFE9D54B511CA2CBB /* Products */,
			);
			name = pinocchio;
			sourceTree = "<group>";
		};
		1AB674ADFE9D54B511CA2CBB /* Products */ = {
			isa = PBXGroup;
			children = (
				8DD76FB20486AB0100D96B5E /* pinocchio */,
			);
			name = Products;
			sourceTree = "<group>";
		};
		364E64B410C562DD00AD4616 /* src */ = {
			isa = PBXGroup;
			children = (
				364E64B510C562DD00AD4616 /* Makefile */,
				364E64B610C562DD00AD4616 /* parser */,
				364E65FB10C562DE00AD4616 /* pinocchio.c */,
				364E65FC10C562DE00AD4616 /* pinocchio.h */,
				364E65FD10C562DE00AD4616 /* pinocchioHelper.ci */,
				364E65FE10C562DE00AD4616 /* pinocchioHelper.hi */,
				364E65FF10C562DE00AD4616 /* pinocchioPostInit.ci */,
				364E660010C562DE00AD4616 /* pinocchioPreInit.ci */,
				364E660110C562DE00AD4616 /* pinocchioType.hi */,
				364E660210C562DE00AD4616 /* pinocchioTypeInclude.hi */,
				364E660310C562DE00AD4616 /* system */,
				364E669310C562DE00AD4616 /* test */,
			);
			name = src;
			path = ../../src;
			sourceTree = SOURCE_ROOT;
		};
		364E64B610C562DD00AD4616 /* parser */ = {
			isa = PBXGroup;
			children = (
				364E65FA10C562DE00AD4616 /* test.ci */,
			);
			path = parser;
			sourceTree = "<group>";
		};
		364E660310C562DE00AD4616 /* system */ = {
			isa = PBXGroup;
			children = (
				364E660410C562DE00AD4616 /* ast */,
				364E663610C562DE00AD4616 /* io */,
				364E663F10C562DE00AD4616 /* organization */,
				364E664410C562DE00AD4616 /* runtime */,
				364E665E10C562DE00AD4616 /* type */,
			);
			path = system;
			sourceTree = "<group>";
		};
		364E660410C562DE00AD4616 /* ast */ = {
			isa = PBXGroup;
			children = (
				364E660510C562DE00AD4616 /* Assign.c */,
				364E660610C562DE00AD4616 /* Assign.h */,
				364E660810C562DE00AD4616 /* AssignTest.ci */,
				364E660910C562DE00AD4616 /* Block.c */,
				364E660A10C562DE00AD4616 /* Block.h */,
				364E660C10C562DE00AD4616 /* BlockTest.ci */,
				364E660D10C562DE00AD4616 /* Callec.c */,
				364E660E10C562DE00AD4616 /* Callec.h */,
				364E661010C562DE00AD4616 /* CallecTest.ci */,
				364E661110C562DE00AD4616 /* Constant.c */,
				364E661210C562DE00AD4616 /* Constant.h */,
				364E661410C562DE00AD4616 /* ConstantTest.ci */,
				364E661510C562DE00AD4616 /* Continue.o */,
				364E661610C562DE00AD4616 /* Info.c */,
				364E661710C562DE00AD4616 /* Info.h */,
				364E661910C562DE00AD4616 /* InfoTest.ci */,
				364E661A10C562DE00AD4616 /* InstVariable.c */,
				364E661B10C562DE00AD4616 /* InstVariable.h */,
				364E661D10C562DE00AD4616 /* InstVariableTest.ci */,
				364E661E10C562DE00AD4616 /* Method.c */,
				364E661F10C562DE00AD4616 /* Method.h */,
				364E662110C562DE00AD4616 /* MethodTest.ci */,
				364E662210C562DE00AD4616 /* NativeMethod.c */,
				364E662310C562DE00AD4616 /* NativeMethod.h */,
				364E662510C562DE00AD4616 /* NativeMethodTest.ci */,
				364E662610C562DE00AD4616 /* Self.c */,
				364E662710C562DE00AD4616 /* Self.h */,
				364E662910C562DE00AD4616 /* SelfTest.ci */,
				364E662A10C562DE00AD4616 /* Send.c */,
				364E662B10C562DE00AD4616 /* Send.h */,
				364E662D10C562DE00AD4616 /* SendTest.ci */,
				364E662E10C562DE00AD4616 /* Super.c */,
				364E662F10C562DE00AD4616 /* Super.h */,
				364E663110C562DE00AD4616 /* SuperTest.ci */,
				364E663210C562DE00AD4616 /* Variable.c */,
				364E663310C562DE00AD4616 /* Variable.h */,
				364E663510C562DE00AD4616 /* VariableTest.ci */,
			);
			path = ast;
			sourceTree = "<group>";
		};
		364E663610C562DE00AD4616 /* io */ = {
			isa = PBXGroup;
			children = (
				364E663710C562DE00AD4616 /* File.c */,
				364E663810C562DE00AD4616 /* File.h */,
				364E663910C562DE00AD4616 /* File.o */,
				364E663A10C562DE00AD4616 /* FileTest.ci */,
				364E663B10C562DE00AD4616 /* Stream.c */,
				364E663C10C562DE00AD4616 /* Stream.h */,
				364E663D10C562DE00AD4616 /* Stream.o */,
				364E663E10C562DE00AD4616 /* StreamTest.ci */,
			);
			path = io;
			sourceTree = "<group>";
		};
		364E663F10C562DE00AD4616 /* organization */ = {
			isa = PBXGroup;
			children = (
				364E664010C562DE00AD4616 /* ClassReference.c */,
				364E664110C562DE00AD4616 /* ClassReference.h */,
				364E664210C562DE00AD4616 /* ClassReference.o */,
				364E664310C562DE00AD4616 /* ClassReferenceTest.ci */,
			);
			path = organization;
			sourceTree = "<group>";
		};
		364E664410C562DE00AD4616 /* runtime */ = {
			isa = PBXGroup;
			children = (
				364E664510C562DE00AD4616 /* BlockClosure.c */,
				364E664610C562DE00AD4616 /* BlockClosure.h */,
				364E664710C562DE00AD4616 /* BlockClosure.o */,
				364E664810C562DE00AD4616 /* BlockClosureTest.ci */,
				364E664910C562DE00AD4616 /* BlockContext.c */,
				364E664A10C562DE00AD4616 /* BlockContext.h */,
				364E664B10C562DE00AD4616 /* BlockContext.o */,
				364E664C10C562DE00AD4616 /* Continue.c */,
				364E664D10C562DE00AD4616 /* Continue.h */,
				364E664E10C562DE00AD4616 /* Continue.o */,
				364E664F10C562DE00AD4616 /* ContinueTest.ci */,
				364E665010C562DE00AD4616 /* Env.o */,
				364E665110C562DE00AD4616 /* InlineCache.c */,
				364E665210C562DE00AD4616 /* InlineCache.h */,
				364E665310C562DE00AD4616 /* InlineCache.o */,
				364E665410C562DE00AD4616 /* InlineCacheTest.ci */,
				364E665510C562DE00AD4616 /* MethodClosure.c */,
				364E665610C562DE00AD4616 /* MethodClosure.h */,
				364E665710C562DE00AD4616 /* MethodClosure.o */,
				364E665810C562DE00AD4616 /* MethodClosureTest.ci */,
				364E665910C562DE00AD4616 /* MethodContext.c */,
				364E665A10C562DE00AD4616 /* MethodContext.h */,
				364E665B10C562DE00AD4616 /* MethodContext.o */,
				364E665C10C562DE00AD4616 /* MethodContextTest.ci */,
				364E665D10C562DE00AD4616 /* ThreadTest.ci */,
			);
			path = runtime;
			sourceTree = "<group>";
		};
		364E665E10C562DE00AD4616 /* type */ = {
			isa = PBXGroup;
			children = (
				364E665F10C562DE00AD4616 /* Array.c */,
				364E666010C562DE00AD4616 /* Array.h */,
				364E666110C562DE00AD4616 /* Array.o */,
				364E666210C562DE00AD4616 /* ArrayTest.ci */,
				364E666310C562DE00AD4616 /* Boolean.c */,
				364E666410C562DE00AD4616 /* Boolean.h */,
				364E666510C562DE00AD4616 /* Boolean.o */,
				364E666610C562DE00AD4616 /* BooleanTest.ci */,
				364E666710C562DE00AD4616 /* Character.c */,
				364E666810C562DE00AD4616 /* Character.h */,
				364E666910C562DE00AD4616 /* Character.o */,
				364E666A10C562DE00AD4616 /* CharacterTable.c */,
				364E666B10C562DE00AD4616 /* CharacterTable.h */,
				364E666C10C562DE00AD4616 /* CharacterTable.o */,
				364E666D10C562DE00AD4616 /* CharacterTableTest.ci */,
				364E666E10C562DE00AD4616 /* CharacterTest.ci */,
				364E666F10C562DE00AD4616 /* Class.c */,
				364E667010C562DE00AD4616 /* Class.h */,
				364E667110C562DE00AD4616 /* Class.o */,
				364E667210C562DE00AD4616 /* ClassTest.ci */,
				364E667310C562DE00AD4616 /* Dictionary.c */,
				364E667410C562DE00AD4616 /* Dictionary.h */,
				364E667510C562DE00AD4616 /* Dictionary.o */,
				364E667610C562DE00AD4616 /* DictionaryTest.ci */,
				364E667710C562DE00AD4616 /* Instantiate.ci */,
				364E667810C562DE00AD4616 /* Layout.c */,
				364E667910C562DE00AD4616 /* Layout.h */,
				364E667A10C562DE00AD4616 /* Layout.o */,
				364E667B10C562DE00AD4616 /* LayoutTest.ci */,
				364E667C10C562DE00AD4616 /* Nil.c */,
				364E667D10C562DE00AD4616 /* Nil.h */,
				364E667E10C562DE00AD4616 /* Nil.o */,
				364E667F10C562DE00AD4616 /* NilTest.ci */,
				364E668010C562DE00AD4616 /* Object.c */,
				364E668110C562DE00AD4616 /* Object.h */,
				364E668210C562DE00AD4616 /* Object.o */,
				364E668310C562DE00AD4616 /* ObjectTest.ci */,
				364E668410C562DE00AD4616 /* SmallInt.c */,
				364E668510C562DE00AD4616 /* SmallInt.h */,
				364E668610C562DE00AD4616 /* SmallInt.o */,
				364E668710C562DE00AD4616 /* SmallIntTest.ci */,
				364E668810C562DE00AD4616 /* String.c */,
				364E668910C562DE00AD4616 /* String.h */,
				364E668A10C562DE00AD4616 /* String.o */,
				364E668B10C562DE00AD4616 /* StringTest.ci */,
				364E668C10C562DE00AD4616 /* Symbol.c */,
				364E668D10C562DE00AD4616 /* Symbol.h */,
				364E668E10C562DE00AD4616 /* Symbol.o */,
				364E668F10C562DE00AD4616 /* SymbolDefinition.ci */,
				364E669010C562DE00AD4616 /* SymbolDefinition.hi */,
				364E669110C562DE00AD4616 /* SymbolInitialization.ci */,
				364E669210C562DE00AD4616 /* SymbolTest.ci */,
			);
			path = type;
			sourceTree = "<group>";
		};
		364E669310C562DE00AD4616 /* test */ = {
			isa = PBXGroup;
			children = (
				364E669410C562DE00AD4616 /* fib */,
				364E669510C562DE00AD4616 /* FibTest.ci */,
				364E669610C562DE00AD4616 /* pinocchioTest.c */,
				364E669710C562DE00AD4616 /* pinocchioTest.ci */,
				364E669810C562DE00AD4616 /* pinocchioTest.h */,
				364E669910C562DE00AD4616 /* pinocchioTest.hi */,
			);
			path = test;
			sourceTree = "<group>";
		};
		364E669410C562DE00AD4616 /* fib */ = {
			isa = PBXGroup;
			children = (
			);
			path = fib;
			sourceTree = "<group>";
		};
		364E671010C562EB00AD4616 /* meta */ = {
			isa = PBXGroup;
			children = (
				364E671210C562EB00AD4616 /* addClass */,
				364E671310C562EB00AD4616 /* addSymbol */,
				364E671410C562EB00AD4616 /* extractSymbols */,
				364E671510C562EB00AD4616 /* icon.png */,
				364E671610C562EB00AD4616 /* logo.png */,
				364E671710C562EB00AD4616 /* logo.svg */,
				364E671810C562EB00AD4616 /* mac_install_boehm */,
			);
			name = meta;
			path = ..;
			sourceTree = SOURCE_ROOT;
		};
/* End PBXGroup section */

/* Begin PBXNativeTarget section */
		8DD76FA90486AB0100D96B5E /* pinocchio */ = {
			isa = PBXNativeTarget;
			buildConfigurationList = 1DEB928508733DD80010E9CD /* Build configuration list for PBXNativeTarget "pinocchio" */;
			buildPhases = (
				8DD76FAB0486AB0100D96B5E /* Sources */,
				8DD76FAD0486AB0100D96B5E /* Frameworks */,
				8DD76FAF0486AB0100D96B5E /* CopyFiles */,
			);
			buildRules = (
			);
			dependencies = (
			);
			name = pinocchio;
			productInstallPath = "$(HOME)/bin";
			productName = pinocchio;
			productReference = 8DD76FB20486AB0100D96B5E /* pinocchio */;
			productType = "com.apple.product-type.tool";
		};
/* End PBXNativeTarget section */

/* Begin PBXProject section */
		08FB7793FE84155DC02AAC07 /* Project object */ = {
			isa = PBXProject;
			buildConfigurationList = 1DEB928908733DD80010E9CD /* Build configuration list for PBXProject "pinocchio" */;
			compatibilityVersion = "Xcode 3.1";
			hasScannedForEncodings = 1;
			mainGroup = 08FB7794FE84155DC02AAC07 /* pinocchio */;
			projectDirPath = "";
			projectRoot = "";
			targets = (
				8DD76FA90486AB0100D96B5E /* pinocchio */,
			);
		};
/* End PBXProject section */

/* Begin PBXSourcesBuildPhase section */
		8DD76FAB0486AB0100D96B5E /* Sources */ = {
			isa = PBXSourcesBuildPhase;
			buildActionMask = 2147483647;
			files = (
				364E66A410C562DE00AD4616 /* Assign.c in Sources */,
				364E66A710C562DE00AD4616 /* Block.c in Sources */,
				364E66AA10C562DE00AD4616 /* Callec.c in Sources */,
				364E66AD10C562DE00AD4616 /* Constant.c in Sources */,
				364E66B110C562DE00AD4616 /* Info.c in Sources */,
				364E66B410C562DE00AD4616 /* InstVariable.c in Sources */,
				364E66B710C562DE00AD4616 /* Method.c in Sources */,
				364E66BA10C562DE00AD4616 /* NativeMethod.c in Sources */,
				364E66BD10C562DE00AD4616 /* Self.c in Sources */,
				364E66C010C562DE00AD4616 /* Send.c in Sources */,
				364E66C310C562DE00AD4616 /* Super.c in Sources */,
				364E66C610C562DE00AD4616 /* Variable.c in Sources */,
				364E66C910C562DE00AD4616 /* File.c in Sources */,
				364E66CC10C562DE00AD4616 /* Stream.c in Sources */,
				364E66CF10C562DE00AD4616 /* ClassReference.c in Sources */,
				364E66D210C562DE00AD4616 /* BlockClosure.c in Sources */,
				3654964710C57D0E00D0C56F /* BlockContext.c in Sources */,
				364E66E510C562DE00AD4616 /* Array.c in Sources */,
				364E66E810C562DE00AD4616 /* Boolean.c in Sources */,
				364E66EB10C562DE00AD4616 /* Character.c in Sources */,
				364E66ED10C562DE00AD4616 /* CharacterTable.c in Sources */,
				364E66F110C562DE00AD4616 /* Class.c in Sources */,
				364E66F410C562DE00AD4616 /* Dictionary.c in Sources */,
				364E66F810C562DE00AD4616 /* Layout.c in Sources */,
				364E66FB10C562DE00AD4616 /* Nil.c in Sources */,
				364E66FE10C562DE00AD4616 /* Object.c in Sources */,
				364E670110C562DE00AD4616 /* SmallInt.c in Sources */,
				364E670410C562DE00AD4616 /* String.c in Sources */,
				364E670710C562DE00AD4616 /* Symbol.c in Sources */,
				364E66D710C562DE00AD4616 /* Continue.c in Sources */,
				364E66DB10C562DE00AD4616 /* InlineCache.c in Sources */,
				364E66DE10C562DE00AD4616 /* MethodClosure.c in Sources */,
				364E66E110C562DE00AD4616 /* MethodContext.c in Sources */,
				364E66A010C562DE00AD4616 /* pinocchio.c in Sources */,
				364E670D10C562DE00AD4616 /* pinocchioTest.c in Sources */,
			);
			runOnlyForDeploymentPostprocessing = 0;
		};
/* End PBXSourcesBuildPhase section */

/* Begin XCBuildConfiguration section */
		1DEB928608733DD80010E9CD /* Debug */ = {
			isa = XCBuildConfiguration;
			buildSettings = {
				ALWAYS_SEARCH_USER_PATHS = NO;
				ARCHS = "$(ARCHS_STANDARD_32_BIT)";
				COPY_PHASE_STRIP = NO;
				DEAD_CODE_STRIPPING = YES;
				DEBUG_INFORMATION_FORMAT = "dwarf-with-dsym";
				GCC_ALTIVEC_EXTENSIONS = YES;
				GCC_AUTO_VECTORIZATION = YES;
				GCC_DYNAMIC_NO_PIC = YES;
				GCC_ENABLE_CPP_EXCEPTIONS = NO;
				GCC_ENABLE_CPP_RTTI = NO;
				GCC_ENABLE_FIX_AND_CONTINUE = YES;
				GCC_ENABLE_OBJC_EXCEPTIONS = NO;
				GCC_ENABLE_SSE3_EXTENSIONS = YES;
				GCC_ENABLE_SSE41_EXTENSIONS = YES;
				GCC_ENABLE_SSE42_EXTENSIONS = YES;
				GCC_ENABLE_SUPPLEMENTAL_SSE3_INSTRUCTIONS = YES;
				GCC_GENERATE_TEST_COVERAGE_FILES = NO;
				GCC_INCREASE_PRECOMPILED_HEADER_SHARING = NO;
				GCC_INPUT_FILETYPE = sourcecode.c.c;
				GCC_INSTRUMENT_PROGRAM_FLOW_ARCS = NO;
				GCC_MODEL_PPC64 = YES;
				GCC_MODEL_TUNING = G5;
				GCC_ONE_BYTE_BOOL = YES;
				GCC_OPTIMIZATION_LEVEL = 0;
				GCC_PFE_FILE_C_DIALECTS = c;
				GCC_TREAT_WARNINGS_AS_ERRORS = NO;
				GCC_UNROLL_LOOPS = YES;
				GCC_WARN_ABOUT_MISSING_FIELD_INITIALIZERS = YES;
				GCC_WARN_CHECK_SWITCH_STATEMENTS = YES;
				GCC_WARN_INITIALIZER_NOT_FULLY_BRACKETED = YES;
				GCC_WARN_MISSING_PARENTHESES = YES;
				GCC_WARN_PEDANTIC = NO;
				GCC_WARN_SHADOW = YES;
				GCC_WARN_UNINITIALIZED_AUTOS = NO;
				GCC_WARN_UNUSED_FUNCTION = YES;
				GCC_WARN_UNUSED_LABEL = YES;
				GENERATE_PROFILING_CODE = NO;
				HEADER_SEARCH_PATHS = (
					/usr/local/include,
					"\"$(SRCROOT)/../p2\"",
				);
				INSTALL_PATH = /usr/local/bin;
				LIBRARY_SEARCH_PATHS = /usr/local/include;
				MACH_O_TYPE = mh_execute;
				MACOSX_DEPLOYMENT_TARGET = 10.5;
				OTHER_CFLAGS = (
					"-DNOGC",
					"-lgc",
					"-DTEST",
				);
				PRODUCT_NAME = pinocchio;
				SDKROOT = macosx10.6;
				VALID_ARCHS = "i386 ppc ppc64 x86_64";
			};
			name = Debug;
		};
		1DEB928708733DD80010E9CD /* Release */ = {
			isa = XCBuildConfiguration;
			buildSettings = {
				ALWAYS_SEARCH_USER_PATHS = NO;
				ARCHS = "$(ARCHS_STANDARD_64_BIT)";
				DEBUG_INFORMATION_FORMAT = "dwarf-with-dsym";
				GCC_MODEL_TUNING = G5;
				HEADER_SEARCH_PATHS = "/usr/local/include/**";
				INSTALL_PATH = /usr/local/bin;
				LIBRARY_SEARCH_PATHS = "/usr/local/include/**";
				OTHER_CFLAGS = "-DNOGC";
				PRODUCT_NAME = pinocchio;
				USER_HEADER_SEARCH_PATHS = /usr/local/include/;
			};
			name = Release;
		};
		1DEB928A08733DD80010E9CD /* Debug */ = {
			isa = XCBuildConfiguration;
			buildSettings = {
				ARCHS = "$(ARCHS_STANDARD_32_BIT)";
				BUILD_VARIANTS = (
					profile,
					debug,
					normal,
				);
				GCC_C_LANGUAGE_STANDARD = c99;
				GCC_FEEDBACK_DIRECTED_OPTIMIZATION = GenerateProfile;
				GCC_INSTRUMENT_PROGRAM_FLOW_ARCS = YES;
				GCC_OPTIMIZATION_LEVEL = 0;
				GCC_WARN_ABOUT_RETURN_TYPE = YES;
				GCC_WARN_UNUSED_VARIABLE = YES;
				GENERATE_PROFILING_CODE = YES;
				ONLY_ACTIVE_ARCH = YES;
				OTHER_CFLAGS = "-DTEST";
				PREBINDING = NO;
				SDKROOT = macosx10.5;
			};
			name = Debug;
		};
		1DEB928B08733DD80010E9CD /* Release */ = {
			isa = XCBuildConfiguration;
			buildSettings = {
				ARCHS = "$(ARCHS_STANDARD_32_BIT)";
				GCC_C_LANGUAGE_STANDARD = c99;
				GCC_WARN_ABOUT_RETURN_TYPE = YES;
				GCC_WARN_UNUSED_VARIABLE = YES;
				PREBINDING = NO;
				SDKROOT = macosx10.5;
			};
			name = Release;
		};
		365E0FEF107E2DC30013F237 /* Debug Test Fail */ = {
			isa = XCBuildConfiguration;
			buildSettings = {
				ARCHS = "$(ARCHS_STANDARD_32_BIT)";
				BUILD_VARIANTS = (
					profile,
					debug,
					normal,
				);
				GCC_C_LANGUAGE_STANDARD = c99;
				GCC_FEEDBACK_DIRECTED_OPTIMIZATION = GenerateProfile;
				GCC_INSTRUMENT_PROGRAM_FLOW_ARCS = YES;
				GCC_OPTIMIZATION_LEVEL = 0;
				GCC_WARN_ABOUT_RETURN_TYPE = YES;
				GCC_WARN_UNUSED_VARIABLE = YES;
				GENERATE_PROFILING_CODE = YES;
				ONLY_ACTIVE_ARCH = YES;
				OTHER_CFLAGS = (
					"-DTEST_FAIL",
					"-DTEST",
				);
				PREBINDING = NO;
				SDKROOT = macosx10.5;
			};
			name = "Debug Test Fail";
		};
		365E0FF0107E2DC30013F237 /* Debug Test Fail */ = {
			isa = XCBuildConfiguration;
			buildSettings = {
				ALWAYS_SEARCH_USER_PATHS = NO;
				ARCHS = "$(ARCHS_STANDARD_32_BIT)";
				COPY_PHASE_STRIP = NO;
				DEAD_CODE_STRIPPING = YES;
				DEBUG_INFORMATION_FORMAT = "dwarf-with-dsym";
				GCC_ALTIVEC_EXTENSIONS = YES;
				GCC_AUTO_VECTORIZATION = YES;
				GCC_DEBUGGING_SYMBOLS = full;
				GCC_DYNAMIC_NO_PIC = YES;
				GCC_ENABLE_CPP_EXCEPTIONS = NO;
				GCC_ENABLE_CPP_RTTI = NO;
				GCC_ENABLE_FIX_AND_CONTINUE = YES;
				GCC_ENABLE_OBJC_EXCEPTIONS = NO;
				GCC_ENABLE_SSE3_EXTENSIONS = YES;
				GCC_ENABLE_SSE41_EXTENSIONS = YES;
				GCC_ENABLE_SSE42_EXTENSIONS = YES;
				GCC_ENABLE_SUPPLEMENTAL_SSE3_INSTRUCTIONS = YES;
				GCC_GENERATE_TEST_COVERAGE_FILES = NO;
				GCC_INCREASE_PRECOMPILED_HEADER_SHARING = YES;
				GCC_INPUT_FILETYPE = sourcecode.c.c;
				GCC_INSTRUMENT_PROGRAM_FLOW_ARCS = YES;
				GCC_MODEL_PPC64 = YES;
				GCC_MODEL_TUNING = G5;
				GCC_ONE_BYTE_BOOL = YES;
				GCC_OPTIMIZATION_LEVEL = 1;
				GCC_PFE_FILE_C_DIALECTS = c;
				GCC_PRECOMPILE_PREFIX_HEADER = YES;
				GCC_TREAT_WARNINGS_AS_ERRORS = NO;
				GCC_UNROLL_LOOPS = YES;
				GCC_WARN_ABOUT_MISSING_FIELD_INITIALIZERS = YES;
				GCC_WARN_CHECK_SWITCH_STATEMENTS = YES;
				GCC_WARN_INITIALIZER_NOT_FULLY_BRACKETED = YES;
				GCC_WARN_MISSING_PARENTHESES = YES;
				GCC_WARN_PEDANTIC = NO;
				GCC_WARN_SHADOW = YES;
				GCC_WARN_UNINITIALIZED_AUTOS = NO;
				GCC_WARN_UNUSED_FUNCTION = YES;
				GCC_WARN_UNUSED_LABEL = YES;
				GENERATE_PROFILING_CODE = NO;
				HEADER_SEARCH_PATHS = (
					/usr/local/include,
					"\"$(SRCROOT)/../../src\"",
				);
				INSTALL_PATH = /usr/local/bin;
				LIBRARY_SEARCH_PATHS = /usr/local/include;
				MACH_O_TYPE = mh_execute;
				MACOSX_DEPLOYMENT_TARGET = 10.4;
				OTHER_CFLAGS = (
					"-DNOGC",
					"-lgc",
					"-DTEST",
					"-DTEST_FAIL",
					"-DASSERT_FAIL",
				);
				PRODUCT_NAME = pinocchio;
				RUN_CLANG_STATIC_ANALYZER = NO;
				SDKROOT = macosx10.6;
				VALID_ARCHS = "i386 ppc ppc64 x86_64";
			};
			name = "Debug Test Fail";
		};
/* End XCBuildConfiguration section */

/* Begin XCConfigurationList section */
		1DEB928508733DD80010E9CD /* Build configuration list for PBXNativeTarget "pinocchio" */ = {
			isa = XCConfigurationList;
			buildConfigurations = (
				1DEB928608733DD80010E9CD /* Debug */,
				365E0FF0107E2DC30013F237 /* Debug Test Fail */,
				1DEB928708733DD80010E9CD /* Release */,
			);
			defaultConfigurationIsVisible = 0;
			defaultConfigurationName = Debug;
		};
		1DEB928908733DD80010E9CD /* Build configuration list for PBXProject "pinocchio" */ = {
			isa = XCConfigurationList;
			buildConfigurations = (
				1DEB928A08733DD80010E9CD /* Debug */,
				365E0FEF107E2DC30013F237 /* Debug Test Fail */,
				1DEB928B08733DD80010E9CD /* Release */,
			);
			defaultConfigurationIsVisible = 0;
			defaultConfigurationName = Debug;
		};
/* End XCConfigurationList section */
	};
	rootObject = 08FB7793FE84155DC02AAC07 /* Project object */;
}
